{
  "name": "slack-bot",
  "version": "1.0.0",
  "lockfileVersion": 3,
  "requires": true,
  "packages": {
    "": {
     "name": "slack-bot",
      "version": "1.0.0",
      "license": "ISC",
      "dependencies": {
        "@slack/bolt": "^4.2.1",
        "axios": "^1.8.1",
        "body-parser": "^1.20.3",
        "dotenv": "^16.4.7",
        "express": "^4.21.2",
        "winston": "^3.17.0"
      },
      "devDependencies": {
        "nodemon": "^3.1.9"
      }
    },
    "node_modules/@colors/colors": {
      "version": "1.6.0",
      "resolved": "https://registry.npmjs.org/@colors/colors/-/colors-1.6.0.tgz",
      "integrity": "sha512-Ir+AOibqzrIsL6ajt3Rz3LskB7OiMVHqltZmspbW/TJuTVuyOMirVqAkjfY6JISiLHgyNqicAC8AyHHGzNd/dA==",
      "engines": {
        "node": ">=0.1.90"
      }
    },
    "node_modules/@dabh/diagnostics": {
      "version": "2.0.3",
      "resolved": "https://registry.npmjs.org/@dabh/diagnostics/-/diagnostics-2.0.3.tgz",
      "integrity": "sha512-hrlQOIi7hAfzsMqlGSFyVucrx38O+j6wiGOf//H2ecvIEqYN4ADBSS2iLMh5UFyDunCNniUIPk/q3riFv45xRA==",
      "dependencies": {
        "colorspace": "1.1.x",
        "enabled": "2.0.x",
        "kuler": "^2.0.0"
      }
    },
    "node_modules/@slack/bolt": {
      "version": "4.2.1",
      "resolved": "https://registry.npmjs.org/@slack/bolt/-/bolt-4.2.1.tgz",
      "integrity": "sha512-O+c7i5iZKlxt6ltJAu2BclEoyWuAVkcpir1F3HWCHTez8Pjz0GxwdBzNHR5HDXvOdBT7En1BU0T2L6Ldv++GSg==",
      "dependencies": {
        "@slack/logger": "^4.0.0",
        "@slack/oauth": "^3.0.2",
        "@slack/socket-mode": "^2.0.3",
        "@slack/types": "^2.13.0",
        "@slack/web-api": "^7.8.0",
        "axios": "^1.7.8",
        "express": "^5.0.0",
        "path-to-regexp": "^8.1.0",
        "raw-body": "^3",
        "tsscmp": "^1.0.6"
      },
      "engines": {
         "node": ">=18",
        "npm": ">=8.6.0"
      },
      "peerDependencies": {
        "@types/express": "^5.0.0"
      }
    },
    "node_modules/@slack/bolt/node_modules/accepts": {
     "version": "2.0.0",
      "resolved": "https://registry.npmjs.org/accepts/-/accepts-2.0.0.tgz",
      "integrity": "sha512-5cvg6CtKwfgdmVqY1WIiXKc3Q1bkRqGLi+2W/6ao+6Y7gu/RCwRuAhGEzh5B4KlszSuTLgZYuqFqo5bImjNKng==",
      "dependencies": {
        "mime-types": "^3.0.0",
        "negotiator": "^1.0.0"
      },
      "engines": {
        "node": ">= 0.6"
      }
    },
    "node_modules/@slack/bolt/node_modules/body-parser": {
      "version": "2.1.0",
      "resolved": "https://registry.npmjs.org/body-parser/-/body-parser-2.1.0.tgz",
      "integrity": "sha512-/hPxh61E+ll0Ujp24Ilm64cykicul1ypfwjVttduAiEdtnJFvLePSrIPk+HMImtNv5270wOGCb1Tns2rybMkoQ==",
      "dependencies": {
        "bytes": "^3.1.2",
        "content-type": "^1.0.5",
        "debug": "^4.4.0",
        "http-errors": "^2.0.0",
        "iconv-lite": "^0.5.2",
        "on-finished": "^2.4.1",
        "qs": "^6.14.0",
        "raw-body": "^3.0.0",
        "type-is": "^2.0.0"
      },
      "engines": {
        "node": ">=18"
      }
    },
    "node_modules/@slack/bolt/node_modules/body-parser/node_modules/debug": {
      "version": "4.4.0",
      "resolved": "https://registry.npmjs.org/debug/-/debug-4.4.0.tgz",
      "integrity": "sha512-6WTZ/IxCY/T6BALoZHaE4ctp9xm+Z5kY/pzYaCHRFeyVhojxlrm+46y68HA6hr0TcwEssoxNiDEUJQjfPZ/RYA==",
      "dependencies": {
        "ms": "^2.1.3"
      },
      "engines": {
        "node": ">=6.0"
      },
      "peerDependenciesMeta": {
        "supports-color": {
          "optional": true
        }
      }
    },
    "node_modules/@slack/bolt/node_modules/body-parser/node_modules/ms": {
     "version": "2.1.3",
      "resolved": "https://registry.npmjs.org/ms/-/ms-2.1.3.tgz",
      "integrity": "sha512-6FlzubTLZG3J2a/NVCAleEhjzq5oxgHyaCU9yYXvcLsvoVaHJq/s5xXI6/XXP6tz7R9xAOtHnSO/tXtF3WRTlA=="
    },
    "node_modules/@slack/bolt/node_modules/body-parser/node_modules/qs": {
      "version": "6.14.0",
      "resolved": "https://registry.npmjs.org/qs/-/qs-6.14.0.tgz",
      "integrity": "sha512-YWWTjgABSKcvs/nWBi9PycY/JiPJqOD4JA6o9Sej2AtvSGarXxKC3OQSk4pAarbdQlKAh5D4FCQkJNkW+GAn3w==",
      "dependencies": {
        "side-channel": "^1.1.0"
      },
      "engines": {
        "node": ">=0.6"
      },
      "funding": {
        "url": "https://github.com/sponsors/ljharb"
      }
    },
    "node_modules/@slack/bolt/node_modules/content-disposition": {
      "version": "1.0.0",
      "resolved": "https://registry.npmjs.org/content-disposition/-/content-disposition-1.0.0.tgz",
      "integrity": "sha512-Au9nRL8VNUut/XSzbQA38+M78dzP4D+eqg3gfJHMIHHYa3bg067xj1KxMUWj+VULbiZMowKngFFbKczUrNJ1mg==",
      "dependencies": {
        "safe-buffer": "5.2.1"
      },
      "engines": {
        "node": ">= 0.6"
      }
    }
  }
}
